
Microsoft Visual Studio Solution File, Format Version 12.00
# Visual Studio Version 16
VisualStudioVersion = 16.0.30907.101
MinimumVisualStudioVersion = 15.0.26124.0
Project("{2150E333-8FDC-42A3-9474-1A3956D46DE8}") = "src", "src", "{430C9FA3-25DC-49B2-85A7-E4CFC1E928F3}"
EndProject
Project("{9A19103F-16F7-4668-BE54-9A1E7A4F7556}") = "EMoos.Server", "src\EMoos.Server\EMoos.Server.csproj", "{A8968BF8-DADF-412C-A1FE-7D2F16AD8D9A}"
EndProject
Global
	GlobalSection(SolutionConfigurationPlatforms) = preSolution
		Debug|Any CPU = Debug|Any CPU
		Debug|x64 = Debug|x64
		Debug|x86 = Debug|x86
		Release|Any CPU = Release|Any CPU
		Release|x64 = Release|x64
		Release|x86 = Release|x86
	EndGlobalSection
	GlobalSection(ProjectConfigurationPlatforms) = postSolution
		{A8968BF8-DADF-412C-A1FE-7D2F16AD8D9A}.Debug|Any CPU.ActiveCfg = Debug|Any CPU
		{A8968BF8-DADF-412C-A1FE-7D2F16AD8D9A}.Debug|Any CPU.Build.0 = Debug|Any CPU
		{A8968BF8-DADF-412C-A1FE-7D2F16AD8D9A}.Debug|x64.ActiveCfg = Debug|Any CPU
		{A8968BF8-DADF-412C-A1FE-7D2F16AD8D9A}.Debug|x64.Build.0 = Debug|Any CPU
		{A8968BF8-DADF-412C-A1FE-7D2F16AD8D9A}.Debug|x86.ActiveCfg = Debug|Any CPU
		{A8968BF8-DADF-412C-A1FE-7D2F16AD8D9A}.Debug|x86.Build.0 = Debug|Any CPU
		{A8968BF8-DADF-412C-A1FE-7D2F16AD8D9A}.Release|Any CPU.ActiveCfg = Release|Any CPU
		{A8968BF8-DADF-412C-A1FE-7D2F16AD8D9A}.Release|Any CPU.Build.0 = Release|Any CPU
		{A8968BF8-DADF-412C-A1FE-7D2F16AD8D9A}.Release|x64.ActiveCfg = Release|Any CPU
		{A8968BF8-DADF-412C-A1FE-7D2F16AD8D9A}.Release|x64.Build.0 = Release|Any CPU
		{A8968BF8-DADF-412C-A1FE-7D2F16AD8D9A}.Release|x86.ActiveCfg = Release|Any CPU
		{A8968BF8-DADF-412C-A1FE-7D2F16AD8D9A}.Release|x86.Build.0 = Release|Any CPU
	EndGlobalSection
	GlobalSection(SolutionProperties) = preSolution
		HideSolutionNode = FALSE
	EndGlobalSection
	GlobalSection(NestedProjects) = preSolution
		{A8968BF8-DADF-412C-A1FE-7D2F16AD8D9A} = {430C9FA3-25DC-49B2-85A7-E4CFC1E928F3}
	EndGlobalSection
	GlobalSection(ExtensibilityGlobals) = postSolution
		SolutionGuid = {1D03B1A0-3598-4532-B5CD-ACF911D4E1D6}
	EndGlobalSection
EndGlobal
